
Microsoft Visual Studio Solution File, Format Version 12.00
# Visual Studio Version 17
VisualStudioVersion = 17.0.31903.59
MinimumVisualStudioVersion = 10.0.40219.1
Project("{FAE04EC0-301F-11D3-BF4B-00C04F79EFBC}") = "HolaMundo", "HolaMundo\HolaMundo.csproj", "{644B75FF-B7A5-496E-B51E-A6609DE482B8}"
EndProject
Project("{FAE04EC0-301F-11D3-BF4B-00C04F79EFBC}") = "Cibacopa", "Cibacopa\Cibacopa.csproj", "{F2ACBE62-1B6A-4F2B-B258-8AC2B380BF9C}"
EndProject
Project("{FAE04EC0-301F-11D3-BF4B-00C04F79EFBC}") = "MiTorneo", "MiTorneo\MiTorneo.csproj", "{5F7ACE81-4B58-44F6-AAED-FA1235D808C6}"
EndProject
Global
	GlobalSection(SolutionConfigurationPlatforms) = preSolution
		Debug|Any CPU = Debug|Any CPU
		Debug|x64 = Debug|x64
		Debug|x86 = Debug|x86
		Release|Any CPU = Release|Any CPU
		Release|x64 = Release|x64
		Release|x86 = Release|x86
	EndGlobalSection
	GlobalSection(ProjectConfigurationPlatforms) = postSolution
		{644B75FF-B7A5-496E-B51E-A6609DE482B8}.Debug|Any CPU.ActiveCfg = Debug|Any CPU
		{644B75FF-B7A5-496E-B51E-A6609DE482B8}.Debug|Any CPU.Build.0 = Debug|Any CPU
		{644B75FF-B7A5-496E-B51E-A6609DE482B8}.Debug|x64.ActiveCfg = Debug|Any CPU
		{644B75FF-B7A5-496E-B51E-A6609DE482B8}.Debug|x64.Build.0 = Debug|Any CPU
		{644B75FF-B7A5-496E-B51E-A6609DE482B8}.Debug|x86.ActiveCfg = Debug|Any CPU
		{644B75FF-B7A5-496E-B51E-A6609DE482B8}.Debug|x86.Build.0 = Debug|Any CPU
		{644B75FF-B7A5-496E-B51E-A6609DE482B8}.Release|Any CPU.ActiveCfg = Release|Any CPU
		{644B75FF-B7A5-496E-B51E-A6609DE482B8}.Release|Any CPU.Build.0 = Release|Any CPU
		{644B75FF-B7A5-496E-B51E-A6609DE482B8}.Release|x64.ActiveCfg = Release|Any CPU
		{644B75FF-B7A5-496E-B51E-A6609DE482B8}.Release|x64.Build.0 = Release|Any CPU
		{644B75FF-B7A5-496E-B51E-A6609DE482B8}.Release|x86.ActiveCfg = Release|Any CPU
		{644B75FF-B7A5-496E-B51E-A6609DE482B8}.Release|x86.Build.0 = Release|Any CPU
		{F2ACBE62-1B6A-4F2B-B258-8AC2B380BF9C}.Debug|Any CPU.ActiveCfg = Debug|Any CPU
		{F2ACBE62-1B6A-4F2B-B258-8AC2B380BF9C}.Debug|Any CPU.Build.0 = Debug|Any CPU
		{F2ACBE62-1B6A-4F2B-B258-8AC2B380BF9C}.Debug|x64.ActiveCfg = Debug|Any CPU
		{F2ACBE62-1B6A-4F2B-B258-8AC2B380BF9C}.Debug|x64.Build.0 = Debug|Any CPU
		{F2ACBE62-1B6A-4F2B-B258-8AC2B380BF9C}.Debug|x86.ActiveCfg = Debug|Any CPU
		{F2ACBE62-1B6A-4F2B-B258-8AC2B380BF9C}.Debug|x86.Build.0 = Debug|Any CPU
		{F2ACBE62-1B6A-4F2B-B258-8AC2B380BF9C}.Release|Any CPU.ActiveCfg = Release|Any CPU
		{F2ACBE62-1B6A-4F2B-B258-8AC2B380BF9C}.Release|Any CPU.Build.0 = Release|Any CPU
		{F2ACBE62-1B6A-4F2B-B258-8AC2B380BF9C}.Release|x64.ActiveCfg = Release|Any CPU
		{F2ACBE62-1B6A-4F2B-B258-8AC2B380BF9C}.Release|x64.Build.0 = Release|Any CPU
		{F2ACBE62-1B6A-4F2B-B258-8AC2B380BF9C}.Release|x86.ActiveCfg = Release|Any CPU
		{F2ACBE62-1B6A-4F2B-B258-8AC2B380BF9C}.Release|x86.Build.0 = Release|Any CPU
		{5F7ACE81-4B58-44F6-AAED-FA1235D808C6}.Debug|Any CPU.ActiveCfg = Debug|Any CPU
		{5F7ACE81-4B58-44F6-AAED-FA1235D808C6}.Debug|Any CPU.Build.0 = Debug|Any CPU
		{5F7ACE81-4B58-44F6-AAED-FA1235D808C6}.Debug|x64.ActiveCfg = Debug|Any CPU
		{5F7ACE81-4B58-44F6-AAED-FA1235D808C6}.Debug|x64.Build.0 = Debug|Any CPU
		{5F7ACE81-4B58-44F6-AAED-FA1235D808C6}.Debug|x86.ActiveCfg = Debug|Any CPU
		{5F7ACE81-4B58-44F6-AAED-FA1235D808C6}.Debug|x86.Build.0 = Debug|Any CPU
		{5F7ACE81-4B58-44F6-AAED-FA1235D808C6}.Release|Any CPU.ActiveCfg = Release|Any CPU
		{5F7ACE81-4B58-44F6-AAED-FA1235D808C6}.Release|Any CPU.Build.0 = Release|Any CPU
		{5F7ACE81-4B58-44F6-AAED-FA1235D808C6}.Release|x64.ActiveCfg = Release|Any CPU
		{5F7ACE81-4B58-44F6-AAED-FA1235D808C6}.Release|x64.Build.0 = Release|Any CPU
		{5F7ACE81-4B58-44F6-AAED-FA1235D808C6}.Release|x86.ActiveCfg = Release|Any CPU
		{5F7ACE81-4B58-44F6-AAED-FA1235D808C6}.Release|x86.Build.0 = Release|Any CPU
	EndGlobalSection
	GlobalSection(SolutionProperties) = preSolution
		HideSolutionNode = FALSE
	EndGlobalSection
EndGlobal
